
Microsoft Visual Studio Solution File, Format Version 12.00
# Visual Studio 15
Project("{FAE04EC0-301F-11D3-BF4B-00C04F79EFBC}") = "Assembly-CSharp", "Assembly-CSharp.csproj", "{3A35DF70-A209-8845-4283-270466908B7F}"
EndProject
Project("{FAE04EC0-301F-11D3-BF4B-00C04F79EFBC}") = "Assembly-CSharp-Editor", "Assembly-CSharp-Editor.csproj", "{503A740B-8FEF-ADAF-B385-E30EC8C15710}"
EndProject
Global
	GlobalSection(SolutionConfigurationPlatforms) = preSolution
		Debug|Any CPU = Debug|Any CPU
		Release|Any CPU = Release|Any CPU
	EndGlobalSection
	GlobalSection(ProjectConfigurationPlatforms) = postSolution
		{3A35DF70-A209-8845-4283-270466908B7F}.Debug|Any CPU.ActiveCfg = Debug|Any CPU
		{3A35DF70-A209-8845-4283-270466908B7F}.Debug|Any CPU.Build.0 = Debug|Any CPU
		{3A35DF70-A209-8845-4283-270466908B7F}.Release|Any CPU.ActiveCfg = Release|Any CPU
		{3A35DF70-A209-8845-4283-270466908B7F}.Release|Any CPU.Build.0 = Release|Any CPU
		{503A740B-8FEF-ADAF-B385-E30EC8C15710}.Debug|Any CPU.ActiveCfg = Debug|Any CPU
		{503A740B-8FEF-ADAF-B385-E30EC8C15710}.Debug|Any CPU.Build.0 = Debug|Any CPU
		{503A740B-8FEF-ADAF-B385-E30EC8C15710}.Release|Any CPU.ActiveCfg = Release|Any CPU
		{503A740B-8FEF-ADAF-B385-E30EC8C15710}.Release|Any CPU.Build.0 = Release|Any CPU
	EndGlobalSection
	GlobalSection(SolutionProperties) = preSolution
		HideSolutionNode = FALSE
	EndGlobalSection
EndGlobal
